
Microsoft Visual Studio Solution File, Format Version 12.00
# Visual Studio Version 17
VisualStudioVersion = 17.7.34024.191
MinimumVisualStudioVersion = 10.0.40219.1
Project("{2150E333-8FDC-42A3-9474-1A3956D46DE8}") = "Core", "Core", "{7C4914D5-C4A7-419F-9D77-561EAE93FBEE}"
EndProject
Project("{2150E333-8FDC-42A3-9474-1A3956D46DE8}") = "Infrastructure", "Infrastructure", "{A9AD2817-05AF-41AF-B21B-D78C06F9714A}"
EndProject
Project("{2150E333-8FDC-42A3-9474-1A3956D46DE8}") = "Presentation", "Presentation", "{7C72BE05-565C-4D95-8E92-565C456B99B5}"
EndProject
Project("{FAE04EC0-301F-11D3-BF4B-00C04F79EFBC}") = "Movielens.Application", "Movielens.Application\Movielens.Application.csproj", "{2E0119D8-06E5-4E98-94B2-1E114DE85812}"
EndProject
Project("{FAE04EC0-301F-11D3-BF4B-00C04F79EFBC}") = "Movielens.Contracts", "Movielens.Contracts\Movielens.Contracts.csproj", "{6D4740ED-96C8-40F9-97B3-86215044C91A}"
EndProject
Project("{FAE04EC0-301F-11D3-BF4B-00C04F79EFBC}") = "Movielens.Data", "Movielens.Data\Movielens.Data.csproj", "{27B8F983-CA19-4F44-A867-298D019414FB}"
EndProject
Project("{FAE04EC0-301F-11D3-BF4B-00C04F79EFBC}") = "Movielens.API", "Movielens.API\Movielens.API.csproj", "{AA4C2DC9-DA9F-40D2-9F03-C5488DCBD3B7}"
EndProject
Project("{FAE04EC0-301F-11D3-BF4B-00C04F79EFBC}") = "Movielens.FaaS", "Movielens.FaaS\Movielens.FaaS.csproj", "{43FF4DBB-DA5C-4065-B94A-52931FEC2567}"
EndProject
Global
	GlobalSection(SolutionConfigurationPlatforms) = preSolution
		Debug|Any CPU = Debug|Any CPU
		Release|Any CPU = Release|Any CPU
	EndGlobalSection
	GlobalSection(ProjectConfigurationPlatforms) = postSolution
		{2E0119D8-06E5-4E98-94B2-1E114DE85812}.Debug|Any CPU.ActiveCfg = Debug|Any CPU
		{2E0119D8-06E5-4E98-94B2-1E114DE85812}.Debug|Any CPU.Build.0 = Debug|Any CPU
		{2E0119D8-06E5-4E98-94B2-1E114DE85812}.Release|Any CPU.ActiveCfg = Release|Any CPU
		{2E0119D8-06E5-4E98-94B2-1E114DE85812}.Release|Any CPU.Build.0 = Release|Any CPU
		{6D4740ED-96C8-40F9-97B3-86215044C91A}.Debug|Any CPU.ActiveCfg = Debug|Any CPU
		{6D4740ED-96C8-40F9-97B3-86215044C91A}.Debug|Any CPU.Build.0 = Debug|Any CPU
		{6D4740ED-96C8-40F9-97B3-86215044C91A}.Release|Any CPU.ActiveCfg = Release|Any CPU
		{6D4740ED-96C8-40F9-97B3-86215044C91A}.Release|Any CPU.Build.0 = Release|Any CPU
		{27B8F983-CA19-4F44-A867-298D019414FB}.Debug|Any CPU.ActiveCfg = Debug|Any CPU
		{27B8F983-CA19-4F44-A867-298D019414FB}.Debug|Any CPU.Build.0 = Debug|Any CPU
		{27B8F983-CA19-4F44-A867-298D019414FB}.Release|Any CPU.ActiveCfg = Release|Any CPU
		{27B8F983-CA19-4F44-A867-298D019414FB}.Release|Any CPU.Build.0 = Release|Any CPU
		{AA4C2DC9-DA9F-40D2-9F03-C5488DCBD3B7}.Debug|Any CPU.ActiveCfg = Debug|Any CPU
		{AA4C2DC9-DA9F-40D2-9F03-C5488DCBD3B7}.Debug|Any CPU.Build.0 = Debug|Any CPU
		{AA4C2DC9-DA9F-40D2-9F03-C5488DCBD3B7}.Release|Any CPU.ActiveCfg = Release|Any CPU
		{AA4C2DC9-DA9F-40D2-9F03-C5488DCBD3B7}.Release|Any CPU.Build.0 = Release|Any CPU
		{43FF4DBB-DA5C-4065-B94A-52931FEC2567}.Debug|Any CPU.ActiveCfg = Debug|Any CPU
		{43FF4DBB-DA5C-4065-B94A-52931FEC2567}.Debug|Any CPU.Build.0 = Debug|Any CPU
		{43FF4DBB-DA5C-4065-B94A-52931FEC2567}.Release|Any CPU.ActiveCfg = Release|Any CPU
		{43FF4DBB-DA5C-4065-B94A-52931FEC2567}.Release|Any CPU.Build.0 = Release|Any CPU
	EndGlobalSection
	GlobalSection(SolutionProperties) = preSolution
		HideSolutionNode = FALSE
	EndGlobalSection
	GlobalSection(NestedProjects) = preSolution
		{2E0119D8-06E5-4E98-94B2-1E114DE85812} = {7C4914D5-C4A7-419F-9D77-561EAE93FBEE}
		{6D4740ED-96C8-40F9-97B3-86215044C91A} = {7C4914D5-C4A7-419F-9D77-561EAE93FBEE}
		{27B8F983-CA19-4F44-A867-298D019414FB} = {A9AD2817-05AF-41AF-B21B-D78C06F9714A}
		{AA4C2DC9-DA9F-40D2-9F03-C5488DCBD3B7} = {7C72BE05-565C-4D95-8E92-565C456B99B5}
		{43FF4DBB-DA5C-4065-B94A-52931FEC2567} = {7C72BE05-565C-4D95-8E92-565C456B99B5}
	EndGlobalSection
	GlobalSection(ExtensibilityGlobals) = postSolution
		SolutionGuid = {7D6BC24A-8A63-40ED-8A89-481EF0F16CA8}
	EndGlobalSection
EndGlobal
